
Microsoft Visual Studio Solution File, Format Version 12.00
# Visual Studio Version 17
VisualStudioVersion = 17.11.35222.181
MinimumVisualStudioVersion = 10.0.40219.1
Project("{9A19103F-16F7-4668-BE54-9A1E7A4F7556}") = "test", "test\test.csproj", "{17FE5F38-F1A2-4AF8-B761-7D03651898FD}"
EndProject
Project("{9A19103F-16F7-4668-BE54-9A1E7A4F7556}") = "Lab1", "Lab1\Lab1.csproj", "{D1D0D16B-F501-44C8-BE44-4D686A620233}"
EndProject
Project("{9A19103F-16F7-4668-BE54-9A1E7A4F7556}") = "Day2", "Day2\Day2.csproj", "{B0201009-0DED-41AF-BDFB-C6A5165E4FF3}"
EndProject
Project("{9A19103F-16F7-4668-BE54-9A1E7A4F7556}") = "temp", "temp\temp.csproj", "{5C08564D-0BB6-4D83-85AD-F066A457D18F}"
EndProject
Project("{9A19103F-16F7-4668-BE54-9A1E7A4F7556}") = "Lab2", "Lab2\Lab2.csproj", "{60A04EF5-274C-4B79-A1AA-D6D33BA6EF9F}"
EndProject
Project("{9A19103F-16F7-4668-BE54-9A1E7A4F7556}") = "Lab3", "Lab3\Lab3.csproj", "{FA75DA65-C972-49B2-BABE-E118F670B729}"
EndProject
Project("{9A19103F-16F7-4668-BE54-9A1E7A4F7556}") = "Day3", "Day4\Day3.csproj", "{27098083-9477-47A5-8F6A-AFC9E3AA5715}"
EndProject
Project("{9A19103F-16F7-4668-BE54-9A1E7A4F7556}") = "ЗКИ", "ЗКИ\ЗКИ.csproj", "{82D5775B-0C57-4136-808C-9483DC8B41C9}"
EndProject
Project("{9A19103F-16F7-4668-BE54-9A1E7A4F7556}") = "Day4.1", "Day4.1\Day4.1.csproj", "{95B8461D-95EF-4164-9FB3-DCD9F4020004}"
EndProject
Project("{9A19103F-16F7-4668-BE54-9A1E7A4F7556}") = "ЗКИ3", "ЗКИ3\ЗКИ3.csproj", "{FB702083-952E-45E9-81CF-0DF14FB8D574}"
EndProject
Project("{9A19103F-16F7-4668-BE54-9A1E7A4F7556}") = "Day5", "Day5\Day5.csproj", "{07117AAC-41CA-4E6B-A2C3-CE094BF43623}"
EndProject
Project("{9A19103F-16F7-4668-BE54-9A1E7A4F7556}") = "Day6", "Day6\Day6.csproj", "{CA965095-65D9-49A9-8B89-A5098DBB5E51}"
EndProject
Project("{9A19103F-16F7-4668-BE54-9A1E7A4F7556}") = "ЗКИ5.1", "ЗКИ5.1\ЗКИ5.1.csproj", "{B3EC709F-AAA6-4984-9609-B4EDE9C1C4F9}"
EndProject
Project("{9A19103F-16F7-4668-BE54-9A1E7A4F7556}") = "Day9", "Day9\Day9.csproj", "{B3BF0D2E-74DC-496A-968A-E36AE455DDAD}"
EndProject
Project("{9A19103F-16F7-4668-BE54-9A1E7A4F7556}") = "Lab9", "Lab9\Lab9.csproj", "{BBB1BCA5-C109-47CE-B1A2-4C42C408631B}"
EndProject
Project("{9A19103F-16F7-4668-BE54-9A1E7A4F7556}") = "Day10", "Day10\Day10.csproj", "{12DAD313-5218-49DB-BD24-9CF8E1EC765F}"
EndProject
Project("{9A19103F-16F7-4668-BE54-9A1E7A4F7556}") = "Lab9.2", "Lab9.2\Lab9.2.csproj", "{F5A917A0-7D59-49B0-99F8-7C58A836636E}"
EndProject
Project("{FAE04EC0-301F-11D3-BF4B-00C04F79EFBC}") = "Project", "Project\Project.csproj", "{5C48B83F-7A23-4A09-AFE6-5EC265C89830}"
EndProject
Global
	GlobalSection(SolutionConfigurationPlatforms) = preSolution
		Debug|Any CPU = Debug|Any CPU
		Release|Any CPU = Release|Any CPU
	EndGlobalSection
	GlobalSection(ProjectConfigurationPlatforms) = postSolution
		{17FE5F38-F1A2-4AF8-B761-7D03651898FD}.Debug|Any CPU.ActiveCfg = Debug|Any CPU
		{17FE5F38-F1A2-4AF8-B761-7D03651898FD}.Debug|Any CPU.Build.0 = Debug|Any CPU
		{17FE5F38-F1A2-4AF8-B761-7D03651898FD}.Release|Any CPU.ActiveCfg = Release|Any CPU
		{17FE5F38-F1A2-4AF8-B761-7D03651898FD}.Release|Any CPU.Build.0 = Release|Any CPU
		{D1D0D16B-F501-44C8-BE44-4D686A620233}.Debug|Any CPU.ActiveCfg = Debug|Any CPU
		{D1D0D16B-F501-44C8-BE44-4D686A620233}.Debug|Any CPU.Build.0 = Debug|Any CPU
		{D1D0D16B-F501-44C8-BE44-4D686A620233}.Release|Any CPU.ActiveCfg = Release|Any CPU
		{D1D0D16B-F501-44C8-BE44-4D686A620233}.Release|Any CPU.Build.0 = Release|Any CPU
		{B0201009-0DED-41AF-BDFB-C6A5165E4FF3}.Debug|Any CPU.ActiveCfg = Debug|Any CPU
		{B0201009-0DED-41AF-BDFB-C6A5165E4FF3}.Debug|Any CPU.Build.0 = Debug|Any CPU
		{B0201009-0DED-41AF-BDFB-C6A5165E4FF3}.Release|Any CPU.ActiveCfg = Release|Any CPU
		{B0201009-0DED-41AF-BDFB-C6A5165E4FF3}.Release|Any CPU.Build.0 = Release|Any CPU
		{5C08564D-0BB6-4D83-85AD-F066A457D18F}.Debug|Any CPU.ActiveCfg = Debug|Any CPU
		{5C08564D-0BB6-4D83-85AD-F066A457D18F}.Debug|Any CPU.Build.0 = Debug|Any CPU
		{5C08564D-0BB6-4D83-85AD-F066A457D18F}.Release|Any CPU.ActiveCfg = Release|Any CPU
		{5C08564D-0BB6-4D83-85AD-F066A457D18F}.Release|Any CPU.Build.0 = Release|Any CPU
		{60A04EF5-274C-4B79-A1AA-D6D33BA6EF9F}.Debug|Any CPU.ActiveCfg = Debug|Any CPU
		{60A04EF5-274C-4B79-A1AA-D6D33BA6EF9F}.Debug|Any CPU.Build.0 = Debug|Any CPU
		{60A04EF5-274C-4B79-A1AA-D6D33BA6EF9F}.Release|Any CPU.ActiveCfg = Release|Any CPU
		{60A04EF5-274C-4B79-A1AA-D6D33BA6EF9F}.Release|Any CPU.Build.0 = Release|Any CPU
		{FA75DA65-C972-49B2-BABE-E118F670B729}.Debug|Any CPU.ActiveCfg = Debug|Any CPU
		{FA75DA65-C972-49B2-BABE-E118F670B729}.Debug|Any CPU.Build.0 = Debug|Any CPU
		{FA75DA65-C972-49B2-BABE-E118F670B729}.Release|Any CPU.ActiveCfg = Release|Any CPU
		{FA75DA65-C972-49B2-BABE-E118F670B729}.Release|Any CPU.Build.0 = Release|Any CPU
		{27098083-9477-47A5-8F6A-AFC9E3AA5715}.Debug|Any CPU.ActiveCfg = Debug|Any CPU
		{27098083-9477-47A5-8F6A-AFC9E3AA5715}.Debug|Any CPU.Build.0 = Debug|Any CPU
		{27098083-9477-47A5-8F6A-AFC9E3AA5715}.Release|Any CPU.ActiveCfg = Release|Any CPU
		{27098083-9477-47A5-8F6A-AFC9E3AA5715}.Release|Any CPU.Build.0 = Release|Any CPU
		{82D5775B-0C57-4136-808C-9483DC8B41C9}.Debug|Any CPU.ActiveCfg = Debug|Any CPU
		{82D5775B-0C57-4136-808C-9483DC8B41C9}.Debug|Any CPU.Build.0 = Debug|Any CPU
		{82D5775B-0C57-4136-808C-9483DC8B41C9}.Release|Any CPU.ActiveCfg = Release|Any CPU
		{82D5775B-0C57-4136-808C-9483DC8B41C9}.Release|Any CPU.Build.0 = Release|Any CPU
		{95B8461D-95EF-4164-9FB3-DCD9F4020004}.Debug|Any CPU.ActiveCfg = Debug|Any CPU
		{95B8461D-95EF-4164-9FB3-DCD9F4020004}.Debug|Any CPU.Build.0 = Debug|Any CPU
		{95B8461D-95EF-4164-9FB3-DCD9F4020004}.Release|Any CPU.ActiveCfg = Release|Any CPU
		{95B8461D-95EF-4164-9FB3-DCD9F4020004}.Release|Any CPU.Build.0 = Release|Any CPU
		{FB702083-952E-45E9-81CF-0DF14FB8D574}.Debug|Any CPU.ActiveCfg = Debug|Any CPU
		{FB702083-952E-45E9-81CF-0DF14FB8D574}.Debug|Any CPU.Build.0 = Debug|Any CPU
		{FB702083-952E-45E9-81CF-0DF14FB8D574}.Release|Any CPU.ActiveCfg = Release|Any CPU
		{FB702083-952E-45E9-81CF-0DF14FB8D574}.Release|Any CPU.Build.0 = Release|Any CPU
		{07117AAC-41CA-4E6B-A2C3-CE094BF43623}.Debug|Any CPU.ActiveCfg = Debug|Any CPU
		{07117AAC-41CA-4E6B-A2C3-CE094BF43623}.Debug|Any CPU.Build.0 = Debug|Any CPU
		{07117AAC-41CA-4E6B-A2C3-CE094BF43623}.Release|Any CPU.ActiveCfg = Release|Any CPU
		{07117AAC-41CA-4E6B-A2C3-CE094BF43623}.Release|Any CPU.Build.0 = Release|Any CPU
		{CA965095-65D9-49A9-8B89-A5098DBB5E51}.Debug|Any CPU.ActiveCfg = Debug|Any CPU
		{CA965095-65D9-49A9-8B89-A5098DBB5E51}.Debug|Any CPU.Build.0 = Debug|Any CPU
		{CA965095-65D9-49A9-8B89-A5098DBB5E51}.Release|Any CPU.ActiveCfg = Release|Any CPU
		{CA965095-65D9-49A9-8B89-A5098DBB5E51}.Release|Any CPU.Build.0 = Release|Any CPU
		{B3EC709F-AAA6-4984-9609-B4EDE9C1C4F9}.Debug|Any CPU.ActiveCfg = Debug|Any CPU
		{B3EC709F-AAA6-4984-9609-B4EDE9C1C4F9}.Debug|Any CPU.Build.0 = Debug|Any CPU
		{B3EC709F-AAA6-4984-9609-B4EDE9C1C4F9}.Release|Any CPU.ActiveCfg = Release|Any CPU
		{B3EC709F-AAA6-4984-9609-B4EDE9C1C4F9}.Release|Any CPU.Build.0 = Release|Any CPU
		{B3BF0D2E-74DC-496A-968A-E36AE455DDAD}.Debug|Any CPU.ActiveCfg = Debug|Any CPU
		{B3BF0D2E-74DC-496A-968A-E36AE455DDAD}.Debug|Any CPU.Build.0 = Debug|Any CPU
		{B3BF0D2E-74DC-496A-968A-E36AE455DDAD}.Release|Any CPU.ActiveCfg = Release|Any CPU
		{B3BF0D2E-74DC-496A-968A-E36AE455DDAD}.Release|Any CPU.Build.0 = Release|Any CPU
		{BBB1BCA5-C109-47CE-B1A2-4C42C408631B}.Debug|Any CPU.ActiveCfg = Debug|Any CPU
		{BBB1BCA5-C109-47CE-B1A2-4C42C408631B}.Debug|Any CPU.Build.0 = Debug|Any CPU
		{BBB1BCA5-C109-47CE-B1A2-4C42C408631B}.Release|Any CPU.ActiveCfg = Release|Any CPU
		{BBB1BCA5-C109-47CE-B1A2-4C42C408631B}.Release|Any CPU.Build.0 = Release|Any CPU
		{12DAD313-5218-49DB-BD24-9CF8E1EC765F}.Debug|Any CPU.ActiveCfg = Debug|Any CPU
		{12DAD313-5218-49DB-BD24-9CF8E1EC765F}.Debug|Any CPU.Build.0 = Debug|Any CPU
		{12DAD313-5218-49DB-BD24-9CF8E1EC765F}.Release|Any CPU.ActiveCfg = Release|Any CPU
		{12DAD313-5218-49DB-BD24-9CF8E1EC765F}.Release|Any CPU.Build.0 = Release|Any CPU
		{F5A917A0-7D59-49B0-99F8-7C58A836636E}.Debug|Any CPU.ActiveCfg = Debug|Any CPU
		{F5A917A0-7D59-49B0-99F8-7C58A836636E}.Debug|Any CPU.Build.0 = Debug|Any CPU
		{F5A917A0-7D59-49B0-99F8-7C58A836636E}.Release|Any CPU.ActiveCfg = Release|Any CPU
		{F5A917A0-7D59-49B0-99F8-7C58A836636E}.Release|Any CPU.Build.0 = Release|Any CPU
		{5C48B83F-7A23-4A09-AFE6-5EC265C89830}.Debug|Any CPU.ActiveCfg = Debug|Any CPU
		{5C48B83F-7A23-4A09-AFE6-5EC265C89830}.Debug|Any CPU.Build.0 = Debug|Any CPU
		{5C48B83F-7A23-4A09-AFE6-5EC265C89830}.Release|Any CPU.ActiveCfg = Release|Any CPU
		{5C48B83F-7A23-4A09-AFE6-5EC265C89830}.Release|Any CPU.Build.0 = Release|Any CPU
	EndGlobalSection
	GlobalSection(SolutionProperties) = preSolution
		HideSolutionNode = FALSE
	EndGlobalSection
	GlobalSection(ExtensibilityGlobals) = postSolution
		SolutionGuid = {7317D07D-FAD4-4BE7-88F4-22F53AA4482D}
	EndGlobalSection
EndGlobal
